// !$*UTF8*$!
{
	archiveVersion = 1;
	classes = {
	};
	objectVersion = 55;
	objects = {

/* Begin PBXBuildFile section */
		CC3370B027A42D950037BC46 /* AppDelegate.swift in Sources */ = {isa = PBXBuildFile; fileRef = CC3370AF27A42D950037BC46 /* AppDelegate.swift */; };
		CC3370B227A42D950037BC46 /* SceneDelegate.swift in Sources */ = {isa = PBXBuildFile; fileRef = CC3370B127A42D950037BC46 /* SceneDelegate.swift */; };
		CC3370B427A42D950037BC46 /* ViewController.swift in Sources */ = {isa = PBXBuildFile; fileRef = CC3370B327A42D950037BC46 /* ViewController.swift */; };
		CC3370B727A42D950037BC46 /* Main.storyboard in Resources */ = {isa = PBXBuildFile; fileRef = CC3370B527A42D950037BC46 /* Main.storyboard */; };
		CC3370B927A42D960037BC46 /* Assets.xcassets in Resources */ = {isa = PBXBuildFile; fileRef = CC3370B827A42D960037BC46 /* Assets.xcassets */; };
		CC3370BC27A42D960037BC46 /* LaunchScreen.storyboard in Resources */ = {isa = PBXBuildFile; fileRef = CC3370BA27A42D960037BC46 /* LaunchScreen.storyboard */; };
		CC3370CB27A437370037BC46 /* A.wav in Resources */ = {isa = PBXBuildFile; fileRef = CC3370C427A437370037BC46 /* A.wav */; };
		CC3370CC27A437370037BC46 /* C.wav in Resources */ = {isa = PBXBuildFile; fileRef = CC3370C527A437370037BC46 /* C.wav */; };
		CC3370CD27A437370037BC46 /* B.wav in Resources */ = {isa = PBXBuildFile; fileRef = CC3370C627A437370037BC46 /* B.wav */; };
		CC3370CE27A437370037BC46 /* F.wav in Resources */ = {isa = PBXBuildFile; fileRef = CC3370C727A437370037BC46 /* F.wav */; };
		CC3370CF27A437370037BC46 /* G.wav in Resources */ = {isa = PBXBuildFile; fileRef = CC3370C827A437370037BC46 /* G.wav */; };
		CC3370D027A437370037BC46 /* E.wav in Resources */ = {isa = PBXBuildFile; fileRef = CC3370C927A437370037BC46 /* E.wav */; };
		CC3370D127A437370037BC46 /* D.wav in Resources */ = {isa = PBXBuildFile; fileRef = CC3370CA27A437370037BC46 /* D.wav */; };
/* End PBXBuildFile section */

/* Begin PBXFileReference section */
		CC3370AC27A42D950037BC46 /* Xylophone App.app */ = {isa = PBXFileReference; explicitFileType = wrapper.application; includeInIndex = 0; path = "Xylophone App.app"; sourceTree = BUILT_PRODUCTS_DIR; };
		CC3370AF27A42D950037BC46 /* AppDelegate.swift */ = {isa = PBXFileReference; lastKnownFileType = sourcecode.swift; path = AppDelegate.swift; sourceTree = "<group>"; };
		CC3370B127A42D950037BC46 /* SceneDelegate.swift */ = {isa = PBXFileReference; lastKnownFileType = sourcecode.swift; path = SceneDelegate.swift; sourceTree = "<group>"; };
		CC3370B327A42D950037BC46 /* ViewController.swift */ = {isa = PBXFileReference; lastKnownFileType = sourcecode.swift; path = ViewController.swift; sourceTree = "<group>"; };
		CC3370B627A42D950037BC46 /* Base */ = {isa = PBXFileReference; lastKnownFileType = file.storyboard; name = Base; path = Base.lproj/Main.storyboard; sourceTree = "<group>"; };
		CC3370B827A42D960037BC46 /* Assets.xcassets */ = {isa = PBXFileReference; lastKnownFileType = folder.assetcatalog; path = Assets.xcassets; sourceTree = "<group>"; };
		CC3370BB27A42D960037BC46 /* Base */ = {isa = PBXFileReference; lastKnownFileType = file.storyboard; name = Base; path = Base.lproj/LaunchScreen.storyboard; sourceTree = "<group>"; };
		CC3370BD27A42D960037BC46 /* Info.plist */ = {isa = PBXFileReference; lastKnownFileType = text.plist.xml; path = Info.plist; sourceTree = "<group>"; };
		CC3370C427A437370037BC46 /* A.wav */ = {isa = PBXFileReference; lastKnownFileType = audio.wav; path = A.wav; sourceTree = "<group>"; };
		CC3370C527A437370037BC46 /* C.wav */ = {isa = PBXFileReference; lastKnownFileType = audio.wav; path = C.wav; sourceTree = "<group>"; };
		CC3370C627A437370037BC46 /* B.wav */ = {isa = PBXFileReference; lastKnownFileType = audio.wav; path = B.wav; sourceTree = "<group>"; };
		CC3370C727A437370037BC46 /* F.wav */ = {isa = PBXFileReference; lastKnownFileType = audio.wav; path = F.wav; sourceTree = "<group>"; };
		CC3370C827A437370037BC46 /* G.wav */ = {isa = PBXFileReference; lastKnownFileType = audio.wav; path = G.wav; sourceTree = "<group>"; };
		CC3370C927A437370037BC46 /* E.wav */ = {isa = PBXFileReference; lastKnownFileType = audio.wav; path = E.wav; sourceTree = "<group>"; };
		CC3370CA27A437370037BC46 /* D.wav */ = {isa = PBXFileReference; lastKnownFileType = audio.wav; path = D.wav; sourceTree = "<group>"; };
/* End PBXFileReference section */

/* Begin PBXFrameworksBuildPhase section */
		CC3370A927A42D950037BC46 /* Frameworks */ = {
			isa = PBXFrameworksBuildPhase;
			buildActionMask = 2147483647;
			files = (
			);
			runOnlyForDeploymentPostprocessing = 0;
		};
/* End PBXFrameworksBuildPhase section */

/* Begin PBXGroup section */
		CC3370A327A42D950037BC46 = {
			isa = PBXGroup;
			children = (
				CC3370AE27A42D950037BC46 /* Xylophone App */,
				CC3370AD27A42D950037BC46 /* Products */,
			);
			sourceTree = "<group>";
		};
		CC3370AD27A42D950037BC46 /* Products */ = {
			isa = PBXGroup;
			children = (
				CC3370AC27A42D950037BC46 /* Xylophone App.app */,
			);
			name = Products;
			sourceTree = "<group>";
		};
		CC3370AE27A42D950037BC46 /* Xylophone App */ = {
			isa = PBXGroup;
			children = (
				CC3370AF27A42D950037BC46 /* AppDelegate.swift */,
				CC3370B127A42D950037BC46 /* SceneDelegate.swift */,
				CC3370B327A42D950037BC46 /* ViewController.swift */,
				CC3370B527A42D950037BC46 /* Main.storyboard */,
				CC3370B827A42D960037BC46 /* Assets.xcassets */,
				CC3370BA27A42D960037BC46 /* LaunchScreen.storyboard */,
				CC3370BD27A42D960037BC46 /* Info.plist */,
				CC3370C327A437370037BC46 /* Sounds */,
			);
			path = "Xylophone App";
			sourceTree = "<group>";
		};
		CC3370C327A437370037BC46 /* Sounds */ = {
			isa = PBXGroup;
			children = (
				CC3370C427A437370037BC46 /* A.wav */,
				CC3370C527A437370037BC46 /* C.wav */,
				CC3370C627A437370037BC46 /* B.wav */,
				CC3370C727A437370037BC46 /* F.wav */,
				CC3370C827A437370037BC46 /* G.wav */,
				CC3370C927A437370037BC46 /* E.wav */,
				CC3370CA27A437370037BC46 /* D.wav */,
			);
			path = Sounds;
			sourceTree = "<group>";
		};
/* End PBXGroup section */

/* Begin PBXNativeTarget section */
		CC3370AB27A42D950037BC46 /* Xylophone App */ = {
			isa = PBXNativeTarget;
			buildConfigurationList = CC3370C027A42D960037BC46 /* Build configuration list for PBXNativeTarget "Xylophone App" */;
			buildPhases = (
				CC3370A827A42D950037BC46 /* Sources */,
				CC3370A927A42D950037BC46 /* Frameworks */,
				CC3370AA27A42D950037BC46 /* Resources */,
			);
			buildRules = (
			);
			dependencies = (
			);
			name = "Xylophone App";
			productName = "Xylophone App";
			productReference = CC3370AC27A42D950037BC46 /* Xylophone App.app */;
			productType = "com.apple.product-type.application";
		};
/* End PBXNativeTarget section */

/* Begin PBXProject section */
		CC3370A427A42D950037BC46 /* Project object */ = {
			isa = PBXProject;
			attributes = {
				BuildIndependentTargetsInParallel = 1;
				LastSwiftUpdateCheck = 1320;
				LastUpgradeCheck = 1320;
				TargetAttributes = {
					CC3370AB27A42D950037BC46 = {
						CreatedOnToolsVersion = 13.2.1;
					};
				};
			};
			buildConfigurationList = CC3370A727A42D950037BC46 /* Build configuration list for PBXProject "Xylophone App" */;
			compatibilityVersion = "Xcode 13.0";
			developmentRegion = en;
			hasScannedForEncodings = 0;
			knownRegions = (
				en,
				Base,
			);
			mainGroup = CC3370A327A42D950037BC46;
			productRefGroup = CC3370AD27A42D950037BC46 /* Products */;
			projectDirPath = "";
			projectRoot = "";
			targets = (
				CC3370AB27A42D950037BC46 /* Xylophone App */,
			);
		};
/* End PBXProject section */

/* Begin PBXResourcesBuildPhase section */
		CC3370AA27A42D950037BC46 /* Resources */ = {
			isa = PBXResourcesBuildPhase;
			buildActionMask = 2147483647;
			files = (
				CC3370CF27A437370037BC46 /* G.wav in Resources */,
				CC3370BC27A42D960037BC46 /* LaunchScreen.storyboard in Resources */,
				CC3370CE27A437370037BC46 /* F.wav in Resources */,
				CC3370B927A42D960037BC46 /* Assets.xcassets in Resources */,
				CC3370CB27A437370037BC46 /* A.wav in Resources */,
				CC3370CD27A437370037BC46 /* B.wav in Resources */,
				CC3370D027A437370037BC46 /* E.wav in Resources */,
				CC3370D127A437370037BC46 /* D.wav in Resources */,
				CC3370B727A42D950037BC46 /* Main.storyboard in Resources */,
				CC3370CC27A437370037BC46 /* C.wav in Resources */,
			);
			runOnlyForDeploymentPostprocessing = 0;
		};
/* End PBXResourcesBuildPhase section */

/* Begin PBXSourcesBuildPhase section */
		CC3370A827A42D950037BC46 /* Sources */ = {
			isa = PBXSourcesBuildPhase;
			buildActionMask = 2147483647;
			files = (
				CC3370B427A42D950037BC46 /* ViewController.swift in Sources */,
				CC3370B027A42D950037BC46 /* AppDelegate.swift in Sources */,
				CC3370B227A42D950037BC46 /* SceneDelegate.swift in Sources */,
			);
			runOnlyForDeploymentPostprocessing = 0;
		};
/* End PBXSourcesBuildPhase section */

/* Begin PBXVariantGroup section */
		CC3370B527A42D950037BC46 /* Main.storyboard */ = {
			isa = PBXVariantGroup;
			children = (
				CC3370B627A42D950037BC46 /* Base */,
			);
			name = Main.storyboard;
			sourceTree = "<group>";
		};
		CC3370BA27A42D960037BC46 /* LaunchScreen.storyboard */ = {
			isa = PBXVariantGroup;
			children = (
				CC3370BB27A42D960037BC46 /* Base */,
			);
			name = LaunchScreen.storyboard;
			sourceTree = "<group>";
		};
/* End PBXVariantGroup section */

/* Begin XCBuildConfiguration section */
		CC3370BE27A42D960037BC46 /* Debug */ = {
			isa = XCBuildConfiguration;
			buildSettings = {
				ALWAYS_SEARCH_USER_PATHS = NO;
				CLANG_ANALYZER_NONNULL = YES;
				CLANG_ANALYZER_NUMBER_OBJECT_CONVERSION = YES_AGGRESSIVE;
				CLANG_CXX_LANGUAGE_STANDARD = "gnu++17";
				CLANG_CXX_LIBRARY = "libc++";
				CLANG_ENABLE_MODULES = YES;
				CLANG_ENABLE_OBJC_ARC = YES;
				CLANG_ENABLE_OBJC_WEAK = YES;
				CLANG_WARN_BLOCK_CAPTURE_AUTORELEASING = YES;
				CLANG_WARN_BOOL_CONVERSION = YES;
				CLANG_WARN_COMMA = YES;
				CLANG_WARN_CONSTANT_CONVERSION = YES;
				CLANG_WARN_DEPRECATED_OBJC_IMPLEMENTATIONS = YES;
				CLANG_WARN_DIRECT_OBJC_ISA_USAGE = YES_ERROR;
				CLANG_WARN_DOCUMENTATION_COMMENTS = YES;
				CLANG_WARN_EMPTY_BODY = YES;
				CLANG_WARN_ENUM_CONVERSION = YES;
				CLANG_WARN_INFINITE_RECURSION = YES;
				CLANG_WARN_INT_CONVERSION = YES;
				CLANG_WARN_NON_LITERAL_NULL_CONVERSION = YES;
				CLANG_WARN_OBJC_IMPLICIT_RETAIN_SELF = YES;
				CLANG_WARN_OBJC_LITERAL_CONVERSION = YES;
				CLANG_WARN_OBJC_ROOT_CLASS = YES_ERROR;
				CLANG_WARN_QUOTED_INCLUDE_IN_FRAMEWORK_HEADER = YES;
				CLANG_WARN_RANGE_LOOP_ANALYSIS = YES;
				CLANG_WARN_STRICT_PROTOTYPES = YES;
				CLANG_WARN_SUSPICIOUS_MOVE = YES;
				CLANG_WARN_UNGUARDED_AVAILABILITY = YES_AGGRESSIVE;
				CLANG_WARN_UNREACHABLE_CODE = YES;
				CLANG_WARN__DUPLICATE_METHOD_MATCH = YES;
				COPY_PHASE_STRIP = NO;
				DEBUG_INFORMATION_FORMAT = dwarf;
				ENABLE_STRICT_OBJC_MSGSEND = YES;
				ENABLE_TESTABILITY = YES;
				GCC_C_LANGUAGE_STANDARD = gnu11;
				GCC_DYNAMIC_NO_PIC = NO;
				GCC_NO_COMMON_BLOCKS = YES;
				GCC_OPTIMIZATION_LEVEL = 0;
				GCC_PREPROCESSOR_DEFINITIONS = (
					"DEBUG=1",
					"$(inherited)",
				);
				GCC_WARN_64_TO_32_BIT_CONVERSION = YES;
				GCC_WARN_ABOUT_RETURN_TYPE = YES_ERROR;
				GCC_WARN_UNDECLARED_SELECTOR = YES;
				GCC_WARN_UNINITIALIZED_AUTOS = YES_AGGRESSIVE;
				GCC_WARN_UNUSED_FUNCTION = YES;
				GCC_WARN_UNUSED_VARIABLE = YES;
				IPHONEOS_DEPLOYMENT_TARGET = 15.2;
				MTL_ENABLE_DEBUG_INFO = INCLUDE_SOURCE;
				MTL_FAST_MATH = YES;
				ONLY_ACTIVE_ARCH = YES;
				SDKROOT = iphoneos;
				SWIFT_ACTIVE_COMPILATION_CONDITIONS = DEBUG;
				SWIFT_OPTIMIZATION_LEVEL = "-Onone";
			};
			name = Debug;
		};
		CC3370BF27A42D960037BC46 /* Release */ = {
			isa = XCBuildConfiguration;
			buildSettings = {
				ALWAYS_SEARCH_USER_PATHS = NO;
				CLANG_ANALYZER_NONNULL = YES;
				CLANG_ANALYZER_NUMBER_OBJECT_CONVERSION = YES_AGGRESSIVE;
				CLANG_CXX_LANGUAGE_STANDARD = "gnu++17";
				CLANG_CXX_LIBRARY = "libc++";
				CLANG_ENABLE_MODULES = YES;
				CLANG_ENABLE_OBJC_ARC = YES;
				CLANG_ENABLE_OBJC_WEAK = YES;
				CLANG_WARN_BLOCK_CAPTURE_AUTORELEASING = YES;
				CLANG_WARN_BOOL_CONVERSION = YES;
				CLANG_WARN_COMMA = YES;
				CLANG_WARN_CONSTANT_CONVERSION = YES;
				CLANG_WARN_DEPRECATED_OBJC_IMPLEMENTATIONS = YES;
				CLANG_WARN_DIRECT_OBJC_ISA_USAGE = YES_ERROR;
				CLANG_WARN_DOCUMENTATION_COMMENTS = YES;
				CLANG_WARN_EMPTY_BODY = YES;
				CLANG_WARN_ENUM_CONVERSION = YES;
				CLANG_WARN_INFINITE_RECURSION = YES;
				CLANG_WARN_INT_CONVERSION = YES;
				CLANG_WARN_NON_LITERAL_NULL_CONVERSION = YES;
				CLANG_WARN_OBJC_IMPLICIT_RETAIN_SELF = YES;
				CLANG_WARN_OBJC_LITERAL_CONVERSION = YES;
				CLANG_WARN_OBJC_ROOT_CLASS = YES_ERROR;
				CLANG_WARN_QUOTED_INCLUDE_IN_FRAMEWORK_HEADER = YES;
				CLANG_WARN_RANGE_LOOP_ANALYSIS = YES;
				CLANG_WARN_STRICT_PROTOTYPES = YES;
				CLANG_WARN_SUSPICIOUS_MOVE = YES;
				CLANG_WARN_UNGUARDED_AVAILABILITY = YES_AGGRESSIVE;
				CLANG_WARN_UNREACHABLE_CODE = YES;
				CLANG_WARN__DUPLICATE_METHOD_MATCH = YES;
				COPY_PHASE_STRIP = NO;
				DEBUG_INFORMATION_FORMAT = "dwarf-with-dsym";
				ENABLE_NS_ASSERTIONS = NO;
				ENABLE_STRICT_OBJC_MSGSEND = YES;
				GCC_C_LANGUAGE_STANDARD = gnu11;
				GCC_NO_COMMON_BLOCKS = YES;
				GCC_WARN_64_TO_32_BIT_CONVERSION = YES;
				GCC_WARN_ABOUT_RETURN_TYPE = YES_ERROR;
				GCC_WARN_UNDECLARED_SELECTOR = YES;
				GCC_WARN_UNINITIALIZED_AUTOS = YES_AGGRESSIVE;
				GCC_WARN_UNUSED_FUNCTION = YES;
				GCC_WARN_UNUSED_VARIABLE = YES;
				IPHONEOS_DEPLOYMENT_TARGET = 15.2;
				MTL_ENABLE_DEBUG_INFO = NO;
				MTL_FAST_MATH = YES;
				SDKROOT = iphoneos;
				SWIFT_COMPILATION_MODE = wholemodule;
				SWIFT_OPTIMIZATION_LEVEL = "-O";
				VALIDATE_PRODUCT = YES;
			};
			name = Release;
		};
		CC3370C127A42D960037BC46 /* Debug */ = {
			isa = XCBuildConfiguration;
			buildSettings = {
				ASSETCATALOG_COMPILER_APPICON_NAME = AppIcon;
				ASSETCATALOG_COMPILER_GLOBAL_ACCENT_COLOR_NAME = AccentColor;
				CODE_SIGN_STYLE = Automatic;
				CURRENT_PROJECT_VERSION = 1;
				DEVELOPMENT_TEAM = N5UCU7JJTZ;
				GENERATE_INFOPLIST_FILE = YES;
				INFOPLIST_FILE = "Xylophone App/Info.plist";
				INFOPLIST_KEY_UIApplicationSupportsIndirectInputEvents = YES;
				INFOPLIST_KEY_UILaunchStoryboardName = LaunchScreen;
				INFOPLIST_KEY_UIMainStoryboardFile = Main;
				INFOPLIST_KEY_UISupportedInterfaceOrientations_iPad = "UIInterfaceOrientationPortrait UIInterfaceOrientationPortraitUpsideDown UIInterfaceOrientationLandscapeLeft UIInterfaceOrientationLandscapeRight";
				INFOPLIST_KEY_UISupportedInterfaceOrientations_iPhone = "UIInterfaceOrientationPortrait UIInterfaceOrientationLandscapeLeft UIInterfaceOrientationLandscapeRight";
				LD_RUNPATH_SEARCH_PATHS = (
					"$(inherited)",
					"@executable_path/Frameworks",
				);
				MARKETING_VERSION = 1.0;
				PRODUCT_BUNDLE_IDENTIFIER = "com.gospodi.Xylophone-App";
				PRODUCT_NAME = "$(TARGET_NAME)";
				SWIFT_EMIT_LOC_STRINGS = YES;
				SWIFT_VERSION = 5.0;
				TARGETED_DEVICE_FAMILY = "1,2";
			};
			name = Debug;
		};
		CC3370C227A42D960037BC46 /* Release */ = {
			isa = XCBuildConfiguration;
			buildSettings = {
				ASSETCATALOG_COMPILER_APPICON_NAME = AppIcon;
				ASSETCATALOG_COMPILER_GLOBAL_ACCENT_COLOR_NAME = AccentColor;
				CODE_SIGN_STYLE = Automatic;
				CURRENT_PROJECT_VERSION = 1;
				DEVELOPMENT_TEAM = N5UCU7JJTZ;
				GENERATE_INFOPLIST_FILE = YES;
				INFOPLIST_FILE = "Xylophone App/Info.plist";
				INFOPLIST_KEY_UIApplicationSupportsIndirectInputEvents = YES;
				INFOPLIST_KEY_UILaunchStoryboardName = LaunchScreen;
				INFOPLIST_KEY_UIMainStoryboardFile = Main;
				INFOPLIST_KEY_UISupportedInterfaceOrientations_iPad = "UIInterfaceOrientationPortrait UIInterfaceOrientationPortraitUpsideDown UIInterfaceOrientationLandscapeLeft UIInterfaceOrientationLandscapeRight";
				INFOPLIST_KEY_UISupportedInterfaceOrientations_iPhone = "UIInterfaceOrientationPortrait UIInterfaceOrientationLandscapeLeft UIInterfaceOrientationLandscapeRight";
				LD_RUNPATH_SEARCH_PATHS = (
					"$(inherited)",
					"@executable_path/Frameworks",
				);
				MARKETING_VERSION = 1.0;
				PRODUCT_BUNDLE_IDENTIFIER = "com.gospodi.Xylophone-App";
				PRODUCT_NAME = "$(TARGET_NAME)";
				SWIFT_EMIT_LOC_STRINGS = YES;
				SWIFT_VERSION = 5.0;
				TARGETED_DEVICE_FAMILY = "1,2";
			};
			name = Release;
		};
/* End XCBuildConfiguration section */

/* Begin XCConfigurationList section */
		CC3370A727A42D950037BC46 /* Build configuration list for PBXProject "Xylophone App" */ = {
			isa = XCConfigurationList;
			buildConfigurations = (
				CC3370BE27A42D960037BC46 /* Debug */,
				CC3370BF27A42D960037BC46 /* Release */,
			);
			defaultConfigurationIsVisible = 0;
			defaultConfigurationName = Release;
		};
		CC3370C027A42D960037BC46 /* Build configuration list for PBXNativeTarget "Xylophone App" */ = {
			isa = XCConfigurationList;
			buildConfigurations = (
				CC3370C127A42D960037BC46 /* Debug */,
				CC3370C227A42D960037BC46 /* Release */,
			);
			defaultConfigurationIsVisible = 0;
			defaultConfigurationName = Release;
		};
/* End XCConfigurationList section */
	};
	rootObject = CC3370A427A42D950037BC46 /* Project object */;
}
